// !$*UTF8*$!
{
	archiveVersion = 1;
	classes = {
	};
	objectVersion = 55;
	objects = {

/* Begin PBXBuildFile section */
		4B8BEC8D287064AD0081CAFF /* Localizable.strings in Resources */ = {isa = PBXBuildFile; fileRef = 4B8BEC8F287064AD0081CAFF /* Localizable.strings */; };
		4B8BEC93287064D60081CAFF /* UIColor.stencil in Resources */ = {isa = PBXBuildFile; fileRef = 4B8BEC91287064D60081CAFF /* UIColor.stencil */; };
		4B8BEC94287064D60081CAFF /* UIImage.stencil in Resources */ = {isa = PBXBuildFile; fileRef = 4B8BEC92287064D60081CAFF /* UIImage.stencil */; };
		4B8BEC972870652B0081CAFF /* swiftgen.yml in Resources */ = {isa = PBXBuildFile; fileRef = 4B8BEC962870652B0081CAFF /* swiftgen.yml */; };
		4B8BEC9A2870A5AC0081CAFF /* Localizable.swift in Sources */ = {isa = PBXBuildFile; fileRef = 4B8BEC992870A5AC0081CAFF /* Localizable.swift */; };
		4B8BEC9C2870A5B10081CAFF /* Colors.swift in Sources */ = {isa = PBXBuildFile; fileRef = 4B8BEC9B2870A5B10081CAFF /* Colors.swift */; };
		4B8BEC9E2870A5B80081CAFF /* Images.swift in Sources */ = {isa = PBXBuildFile; fileRef = 4B8BEC9D2870A5B80081CAFF /* Images.swift */; };
		4B8BECA12870A5DF0081CAFF /* Colors.xcassets in Resources */ = {isa = PBXBuildFile; fileRef = 4B8BECA02870A5DF0081CAFF /* Colors.xcassets */; };
		4B8BECA32870A5F90081CAFF /* Images.xcassets in Resources */ = {isa = PBXBuildFile; fileRef = 4B8BECA22870A5F90081CAFF /* Images.xcassets */; };
		4B8BECB62870B5410081CAFF /* Cordinator.swift in Sources */ = {isa = PBXBuildFile; fileRef = 4B8BECB52870B5410081CAFF /* Cordinator.swift */; };
		4B8BECC42870BF770081CAFF /* View.swift in Sources */ = {isa = PBXBuildFile; fileRef = 4B8BECC32870BF770081CAFF /* View.swift */; };
		4B8BECD02870DDEE0081CAFF /* Transition.swift in Sources */ = {isa = PBXBuildFile; fileRef = 4B8BECCF2870DDEE0081CAFF /* Transition.swift */; };
		4B8BECD22870DECB0081CAFF /* ScreenTransition.swift in Sources */ = {isa = PBXBuildFile; fileRef = 4B8BECD12870DECB0081CAFF /* ScreenTransition.swift */; };
		4B8BECD42870DFE10081CAFF /* PushTransition.swift in Sources */ = {isa = PBXBuildFile; fileRef = 4B8BECD32870DFE10081CAFF /* PushTransition.swift */; };
		4B8BECD62870E1760081CAFF /* Module.swift in Sources */ = {isa = PBXBuildFile; fileRef = 4B8BECD52870E1760081CAFF /* Module.swift */; };
		4B8BECD82870E17C0081CAFF /* ViewInput.swift in Sources */ = {isa = PBXBuildFile; fileRef = 4B8BECD72870E17C0081CAFF /* ViewInput.swift */; };
		4B8BECDA2870E1860081CAFF /* ViewLogic.swift in Sources */ = {isa = PBXBuildFile; fileRef = 4B8BECD92870E1860081CAFF /* ViewLogic.swift */; };
		4B8BECDC2870E1BD0081CAFF /* Typealias.swift in Sources */ = {isa = PBXBuildFile; fileRef = 4B8BECDB2870E1BD0081CAFF /* Typealias.swift */; };
		4B8BECDF2870EDB40081CAFF /* StartModule.swift in Sources */ = {isa = PBXBuildFile; fileRef = 4B8BECDE2870EDB40081CAFF /* StartModule.swift */; };
		4B8BECE12870EDBB0081CAFF /* StartViewController.swift in Sources */ = {isa = PBXBuildFile; fileRef = 4B8BECE02870EDBB0081CAFF /* StartViewController.swift */; };
		4B8BECE32870EDC60081CAFF /* StartLogic.swift in Sources */ = {isa = PBXBuildFile; fileRef = 4B8BECE22870EDC60081CAFF /* StartLogic.swift */; };
		4B8BECE52870EDCF0081CAFF /* StartProtocols.swift in Sources */ = {isa = PBXBuildFile; fileRef = 4B8BECE42870EDCF0081CAFF /* StartProtocols.swift */; };
		4B8BECE72871E57E0081CAFF /* StartCoordinator.swift in Sources */ = {isa = PBXBuildFile; fileRef = 4B8BECE62871E57E0081CAFF /* StartCoordinator.swift */; };
		4B8BECE92871F39E0081CAFF /* ViewController.swift in Sources */ = {isa = PBXBuildFile; fileRef = 4B8BECE82871F39E0081CAFF /* ViewController.swift */; };
		4B8BECEB2871F47A0081CAFF /* UIView+Extensions.swift in Sources */ = {isa = PBXBuildFile; fileRef = 4B8BECEA2871F47A0081CAFF /* UIView+Extensions.swift */; };
		4B8BECEE2871F54F0081CAFF /* TableViewDataProvider.swift in Sources */ = {isa = PBXBuildFile; fileRef = 4B8BECED2871F54F0081CAFF /* TableViewDataProvider.swift */; };
		4B8BECF02871F7230081CAFF /* TableViewDataProvider+UITableViewDataSource.swift in Sources */ = {isa = PBXBuildFile; fileRef = 4B8BECEF2871F7230081CAFF /* TableViewDataProvider+UITableViewDataSource.swift */; };
		4B8BECF22871F88B0081CAFF /* CellDescriptor.swift in Sources */ = {isa = PBXBuildFile; fileRef = 4B8BECF12871F88B0081CAFF /* CellDescriptor.swift */; };
		4B8BECF42871F8930081CAFF /* SectionDescriptor.swift in Sources */ = {isa = PBXBuildFile; fileRef = 4B8BECF32871F8930081CAFF /* SectionDescriptor.swift */; };
		4B8BECF62871FC410081CAFF /* TableViewDataProvider+UITableViewDelegate.swift in Sources */ = {isa = PBXBuildFile; fileRef = 4B8BECF52871FC410081CAFF /* TableViewDataProvider+UITableViewDelegate.swift */; };
		4B8BECF82871FD8C0081CAFF /* UITableView+Extensions.swift in Sources */ = {isa = PBXBuildFile; fileRef = 4B8BECF72871FD8C0081CAFF /* UITableView+Extensions.swift */; };
		4B8BECFA287208600081CAFF /* .gitkeep.swift in Sources */ = {isa = PBXBuildFile; fileRef = 4B8BECF9287208600081CAFF /* .gitkeep.swift */; };
		4BA368E3287044B100D2256D /* AppDelegate.swift in Sources */ = {isa = PBXBuildFile; fileRef = 4BA368E2287044B100D2256D /* AppDelegate.swift */; };
		4BA368EC287044B400D2256D /* Assets.xcassets in Resources */ = {isa = PBXBuildFile; fileRef = 4BA368EB287044B400D2256D /* Assets.xcassets */; };
		4BA368EF287044B400D2256D /* LaunchScreen.storyboard in Resources */ = {isa = PBXBuildFile; fileRef = 4BA368ED287044B400D2256D /* LaunchScreen.storyboard */; };
		CAEB4F10203700F307F0494C /* Pods_proto_ios.framework in Frameworks */ = {isa = PBXBuildFile; fileRef = D1E2635AB051C5E56C03F078 /* Pods_proto_ios.framework */; };
/* End PBXBuildFile section */

/* Begin PBXFileReference section */
		1E3751C8DCF1E3BE7C0CD0D0 /* Pods-proto-ios.release.xcconfig */ = {isa = PBXFileReference; includeInIndex = 1; lastKnownFileType = text.xcconfig; name = "Pods-proto-ios.release.xcconfig"; path = "Target Support Files/Pods-proto-ios/Pods-proto-ios.release.xcconfig"; sourceTree = "<group>"; };
		4B8BEC8B287064960081CAFF /* en */ = {isa = PBXFileReference; lastKnownFileType = file.storyboard; name = en; path = en.lproj/LaunchScreen.storyboard; sourceTree = "<group>"; };
		4B8BEC8C287064A10081CAFF /* ru */ = {isa = PBXFileReference; lastKnownFileType = file.storyboard; name = ru; path = ru.lproj/LaunchScreen.storyboard; sourceTree = "<group>"; };
		4B8BEC8E287064AD0081CAFF /* en */ = {isa = PBXFileReference; lastKnownFileType = text.plist.strings; name = en; path = en.lproj/Localizable.strings; sourceTree = "<group>"; };
		4B8BEC90287064AF0081CAFF /* ru */ = {isa = PBXFileReference; lastKnownFileType = text.plist.strings; name = ru; path = ru.lproj/Localizable.strings; sourceTree = "<group>"; };
		4B8BEC91287064D60081CAFF /* UIColor.stencil */ = {isa = PBXFileReference; fileEncoding = 4; lastKnownFileType = text; path = UIColor.stencil; sourceTree = "<group>"; };
		4B8BEC92287064D60081CAFF /* UIImage.stencil */ = {isa = PBXFileReference; fileEncoding = 4; lastKnownFileType = text; path = UIImage.stencil; sourceTree = "<group>"; };
		4B8BEC962870652B0081CAFF /* swiftgen.yml */ = {isa = PBXFileReference; lastKnownFileType = text.yaml; path = swiftgen.yml; sourceTree = "<group>"; };
		4B8BEC992870A5AC0081CAFF /* Localizable.swift */ = {isa = PBXFileReference; lastKnownFileType = sourcecode.swift; path = Localizable.swift; sourceTree = "<group>"; };
		4B8BEC9B2870A5B10081CAFF /* Colors.swift */ = {isa = PBXFileReference; lastKnownFileType = sourcecode.swift; path = Colors.swift; sourceTree = "<group>"; };
		4B8BEC9D2870A5B80081CAFF /* Images.swift */ = {isa = PBXFileReference; lastKnownFileType = sourcecode.swift; path = Images.swift; sourceTree = "<group>"; };
		4B8BECA02870A5DF0081CAFF /* Colors.xcassets */ = {isa = PBXFileReference; lastKnownFileType = folder.assetcatalog; path = Colors.xcassets; sourceTree = "<group>"; };
		4B8BECA22870A5F90081CAFF /* Images.xcassets */ = {isa = PBXFileReference; lastKnownFileType = folder.assetcatalog; path = Images.xcassets; sourceTree = "<group>"; };
		4B8BECB52870B5410081CAFF /* Cordinator.swift */ = {isa = PBXFileReference; lastKnownFileType = sourcecode.swift; path = Cordinator.swift; sourceTree = "<group>"; };
		4B8BECC32870BF770081CAFF /* View.swift */ = {isa = PBXFileReference; lastKnownFileType = sourcecode.swift; path = View.swift; sourceTree = "<group>"; };
		4B8BECCF2870DDEE0081CAFF /* Transition.swift */ = {isa = PBXFileReference; lastKnownFileType = sourcecode.swift; path = Transition.swift; sourceTree = "<group>"; };
		4B8BECD12870DECB0081CAFF /* ScreenTransition.swift */ = {isa = PBXFileReference; lastKnownFileType = sourcecode.swift; path = ScreenTransition.swift; sourceTree = "<group>"; };
		4B8BECD32870DFE10081CAFF /* PushTransition.swift */ = {isa = PBXFileReference; lastKnownFileType = sourcecode.swift; path = PushTransition.swift; sourceTree = "<group>"; };
		4B8BECD52870E1760081CAFF /* Module.swift */ = {isa = PBXFileReference; lastKnownFileType = sourcecode.swift; path = Module.swift; sourceTree = "<group>"; };
		4B8BECD72870E17C0081CAFF /* ViewInput.swift */ = {isa = PBXFileReference; lastKnownFileType = sourcecode.swift; path = ViewInput.swift; sourceTree = "<group>"; };
		4B8BECD92870E1860081CAFF /* ViewLogic.swift */ = {isa = PBXFileReference; lastKnownFileType = sourcecode.swift; path = ViewLogic.swift; sourceTree = "<group>"; };
		4B8BECDB2870E1BD0081CAFF /* Typealias.swift */ = {isa = PBXFileReference; lastKnownFileType = sourcecode.swift; path = Typealias.swift; sourceTree = "<group>"; };
		4B8BECDE2870EDB40081CAFF /* StartModule.swift */ = {isa = PBXFileReference; lastKnownFileType = sourcecode.swift; path = StartModule.swift; sourceTree = "<group>"; };
		4B8BECE02870EDBB0081CAFF /* StartViewController.swift */ = {isa = PBXFileReference; lastKnownFileType = sourcecode.swift; path = StartViewController.swift; sourceTree = "<group>"; };
		4B8BECE22870EDC60081CAFF /* StartLogic.swift */ = {isa = PBXFileReference; lastKnownFileType = sourcecode.swift; path = StartLogic.swift; sourceTree = "<group>"; };
		4B8BECE42870EDCF0081CAFF /* StartProtocols.swift */ = {isa = PBXFileReference; lastKnownFileType = sourcecode.swift; path = StartProtocols.swift; sourceTree = "<group>"; };
		4B8BECE62871E57E0081CAFF /* StartCoordinator.swift */ = {isa = PBXFileReference; lastKnownFileType = sourcecode.swift; path = StartCoordinator.swift; sourceTree = "<group>"; };
		4B8BECE82871F39E0081CAFF /* ViewController.swift */ = {isa = PBXFileReference; lastKnownFileType = sourcecode.swift; path = ViewController.swift; sourceTree = "<group>"; };
		4B8BECEA2871F47A0081CAFF /* UIView+Extensions.swift */ = {isa = PBXFileReference; lastKnownFileType = sourcecode.swift; path = "UIView+Extensions.swift"; sourceTree = "<group>"; };
		4B8BECED2871F54F0081CAFF /* TableViewDataProvider.swift */ = {isa = PBXFileReference; lastKnownFileType = sourcecode.swift; path = TableViewDataProvider.swift; sourceTree = "<group>"; };
		4B8BECEF2871F7230081CAFF /* TableViewDataProvider+UITableViewDataSource.swift */ = {isa = PBXFileReference; lastKnownFileType = sourcecode.swift; path = "TableViewDataProvider+UITableViewDataSource.swift"; sourceTree = "<group>"; };
		4B8BECF12871F88B0081CAFF /* CellDescriptor.swift */ = {isa = PBXFileReference; lastKnownFileType = sourcecode.swift; path = CellDescriptor.swift; sourceTree = "<group>"; };
		4B8BECF32871F8930081CAFF /* SectionDescriptor.swift */ = {isa = PBXFileReference; lastKnownFileType = sourcecode.swift; path = SectionDescriptor.swift; sourceTree = "<group>"; };
		4B8BECF52871FC410081CAFF /* TableViewDataProvider+UITableViewDelegate.swift */ = {isa = PBXFileReference; lastKnownFileType = sourcecode.swift; path = "TableViewDataProvider+UITableViewDelegate.swift"; sourceTree = "<group>"; };
		4B8BECF72871FD8C0081CAFF /* UITableView+Extensions.swift */ = {isa = PBXFileReference; lastKnownFileType = sourcecode.swift; path = "UITableView+Extensions.swift"; sourceTree = "<group>"; };
		4B8BECF9287208600081CAFF /* .gitkeep.swift */ = {isa = PBXFileReference; lastKnownFileType = sourcecode.swift; path = .gitkeep.swift; sourceTree = "<group>"; };
		4BA368DF287044B100D2256D /* proto-ios.app */ = {isa = PBXFileReference; explicitFileType = wrapper.application; includeInIndex = 0; path = "proto-ios.app"; sourceTree = BUILT_PRODUCTS_DIR; };
		4BA368E2287044B100D2256D /* AppDelegate.swift */ = {isa = PBXFileReference; lastKnownFileType = sourcecode.swift; path = AppDelegate.swift; sourceTree = "<group>"; };
		4BA368EB287044B400D2256D /* Assets.xcassets */ = {isa = PBXFileReference; lastKnownFileType = folder.assetcatalog; path = Assets.xcassets; sourceTree = "<group>"; };
		4BA368F0287044B400D2256D /* Info.plist */ = {isa = PBXFileReference; lastKnownFileType = text.plist.xml; path = Info.plist; sourceTree = "<group>"; };
		6D83E40919574B7FCC48710E /* Pods-proto-ios.debug.xcconfig */ = {isa = PBXFileReference; includeInIndex = 1; lastKnownFileType = text.xcconfig; name = "Pods-proto-ios.debug.xcconfig"; path = "Target Support Files/Pods-proto-ios/Pods-proto-ios.debug.xcconfig"; sourceTree = "<group>"; };
		D1E2635AB051C5E56C03F078 /* Pods_proto_ios.framework */ = {isa = PBXFileReference; explicitFileType = wrapper.framework; includeInIndex = 0; path = Pods_proto_ios.framework; sourceTree = BUILT_PRODUCTS_DIR; };
/* End PBXFileReference section */

/* Begin PBXFrameworksBuildPhase section */
		4BA368DC287044B100D2256D /* Frameworks */ = {
			isa = PBXFrameworksBuildPhase;
			buildActionMask = 2147483647;
			files = (
				CAEB4F10203700F307F0494C /* Pods_proto_ios.framework in Frameworks */,
			);
			runOnlyForDeploymentPostprocessing = 0;
		};
/* End PBXFrameworksBuildPhase section */

/* Begin PBXGroup section */
		09EB492A82B795AECC495DF2 /* Frameworks */ = {
			isa = PBXGroup;
			children = (
				D1E2635AB051C5E56C03F078 /* Pods_proto_ios.framework */,
			);
			name = Frameworks;
			sourceTree = "<group>";
		};
		4B37DCCB28704A01001FE541 /* Core */ = {
			isa = PBXGroup;
			children = (
				4B8BECF9287208600081CAFF /* .gitkeep.swift */,
			);
			path = Core;
			sourceTree = "<group>";
		};
		4B37DCCC28704A14001FE541 /* System */ = {
			isa = PBXGroup;
			children = (
				4BDC878128704AB1001F7F04 /* Base */,
				4BDC878028704A9A001F7F04 /* Extensions */,
				4BDC877F28704A95001F7F04 /* Components */,
			);
			path = System;
			sourceTree = "<group>";
		};
		4B8BEC862870642A0081CAFF /* SwiftGenTemplates */ = {
			isa = PBXGroup;
			children = (
				4B8BEC91287064D60081CAFF /* UIColor.stencil */,
				4B8BEC92287064D60081CAFF /* UIImage.stencil */,
			);
			path = SwiftGenTemplates;
			sourceTree = "<group>";
		};
		4B8BEC87287064780081CAFF /* Localizable */ = {
			isa = PBXGroup;
			children = (
				4B8BEC8F287064AD0081CAFF /* Localizable.strings */,
			);
			path = Localizable;
			sourceTree = "<group>";
		};
		4B8BECA52870AE0F0081CAFF /* Module */ = {
			isa = PBXGroup;
			children = (
				4B8BECD52870E1760081CAFF /* Module.swift */,
				4B8BECD72870E17C0081CAFF /* ViewInput.swift */,
				4B8BECD92870E1860081CAFF /* ViewLogic.swift */,
			);
			path = Module;
			sourceTree = "<group>";
		};
		4B8BECB42870B5320081CAFF /* Coordinator */ = {
			isa = PBXGroup;
			children = (
				4B8BECB52870B5410081CAFF /* Cordinator.swift */,
			);
			path = Coordinator;
			sourceTree = "<group>";
		};
		4B8BECBA2870B6020081CAFF /* Transitions */ = {
			isa = PBXGroup;
			children = (
				4B8BECCF2870DDEE0081CAFF /* Transition.swift */,
				4B8BECD12870DECB0081CAFF /* ScreenTransition.swift */,
				4B8BECD32870DFE10081CAFF /* PushTransition.swift */,
			);
			path = Transitions;
			sourceTree = "<group>";
		};
		4B8BECBD2870BBC20081CAFF /* StartFlow */ = {
			isa = PBXGroup;
			children = (
				4B8BECDD2870EDAB0081CAFF /* StartModule */,
				4B8BECE62871E57E0081CAFF /* StartCoordinator.swift */,
			);
			path = StartFlow;
			sourceTree = "<group>";
		};
		4B8BECDD2870EDAB0081CAFF /* StartModule */ = {
			isa = PBXGroup;
			children = (
				4B8BECDE2870EDB40081CAFF /* StartModule.swift */,
				4B8BECE02870EDBB0081CAFF /* StartViewController.swift */,
				4B8BECE22870EDC60081CAFF /* StartLogic.swift */,
				4B8BECE42870EDCF0081CAFF /* StartProtocols.swift */,
			);
			path = StartModule;
			sourceTree = "<group>";
		};
		4B8BECEC2871F5440081CAFF /* TableView */ = {
			isa = PBXGroup;
			children = (
				4B8BECED2871F54F0081CAFF /* TableViewDataProvider.swift */,
				4B8BECF12871F88B0081CAFF /* CellDescriptor.swift */,
				4B8BECF32871F8930081CAFF /* SectionDescriptor.swift */,
			);
			path = TableView;
			sourceTree = "<group>";
		};
		4BA368D6287044B100D2256D = {
			isa = PBXGroup;
			children = (
				4B8BEC962870652B0081CAFF /* swiftgen.yml */,
				4BA368E1287044B100D2256D /* proto-ios */,
				4BA368E0287044B100D2256D /* Products */,
				8BB49C27BB27DFD1F25FD8CD /* Pods */,
				09EB492A82B795AECC495DF2 /* Frameworks */,
			);
			sourceTree = "<group>";
		};
		4BA368E0287044B100D2256D /* Products */ = {
			isa = PBXGroup;
			children = (
				4BA368DF287044B100D2256D /* proto-ios.app */,
			);
			name = Products;
			sourceTree = "<group>";
		};
		4BA368E1287044B100D2256D /* proto-ios */ = {
			isa = PBXGroup;
			children = (
				4BDC878328704B3B001F7F04 /* Resources */,
				4BDC878228704B32001F7F04 /* User Stories */,
				4B37DCCC28704A14001FE541 /* System */,
				4B37DCCB28704A01001FE541 /* Core */,
			);
			path = "proto-ios";
			sourceTree = "<group>";
		};
		4BDC877F28704A95001F7F04 /* Components */ = {
			isa = PBXGroup;
			children = (
				4B8BECC32870BF770081CAFF /* View.swift */,
				4B8BECE82871F39E0081CAFF /* ViewController.swift */,
			);
			path = Components;
			sourceTree = "<group>";
		};
		4BDC878028704A9A001F7F04 /* Extensions */ = {
			isa = PBXGroup;
			children = (
				4B8BECEA2871F47A0081CAFF /* UIView+Extensions.swift */,
				4B8BECEF2871F7230081CAFF /* TableViewDataProvider+UITableViewDataSource.swift */,
				4B8BECF52871FC410081CAFF /* TableViewDataProvider+UITableViewDelegate.swift */,
				4B8BECF72871FD8C0081CAFF /* UITableView+Extensions.swift */,
			);
			path = Extensions;
			sourceTree = "<group>";
		};
		4BDC878128704AB1001F7F04 /* Base */ = {
			isa = PBXGroup;
			children = (
				4B8BECEC2871F5440081CAFF /* TableView */,
				4B8BECB42870B5320081CAFF /* Coordinator */,
				4B8BECBA2870B6020081CAFF /* Transitions */,
				4B8BECA52870AE0F0081CAFF /* Module */,
				4B8BECDB2870E1BD0081CAFF /* Typealias.swift */,
			);
			path = Base;
			sourceTree = "<group>";
		};
		4BDC878228704B32001F7F04 /* User Stories */ = {
			isa = PBXGroup;
			children = (
				4B8BECBD2870BBC20081CAFF /* StartFlow */,
			);
			path = "User Stories";
			sourceTree = "<group>";
		};
		4BDC878328704B3B001F7F04 /* Resources */ = {
			isa = PBXGroup;
			children = (
				4BDC878528704B50001F7F04 /* Generated */,
				4BDC878428704B41001F7F04 /* Launch */,
				4B8BEC87287064780081CAFF /* Localizable */,
				4B8BEC862870642A0081CAFF /* SwiftGenTemplates */,
				4BA368F0287044B400D2256D /* Info.plist */,
				4B8BECA02870A5DF0081CAFF /* Colors.xcassets */,
				4BA368EB287044B400D2256D /* Assets.xcassets */,
				4B8BECA22870A5F90081CAFF /* Images.xcassets */,
			);
			path = Resources;
			sourceTree = "<group>";
		};
		4BDC878428704B41001F7F04 /* Launch */ = {
			isa = PBXGroup;
			children = (
				4BA368E2287044B100D2256D /* AppDelegate.swift */,
				4BA368ED287044B400D2256D /* LaunchScreen.storyboard */,
			);
			path = Launch;
			sourceTree = "<group>";
		};
		4BDC878528704B50001F7F04 /* Generated */ = {
			isa = PBXGroup;
			children = (
				4B8BEC992870A5AC0081CAFF /* Localizable.swift */,
				4B8BEC9B2870A5B10081CAFF /* Colors.swift */,
				4B8BEC9D2870A5B80081CAFF /* Images.swift */,
			);
			path = Generated;
			sourceTree = "<group>";
		};
		8BB49C27BB27DFD1F25FD8CD /* Pods */ = {
			isa = PBXGroup;
			children = (
				6D83E40919574B7FCC48710E /* Pods-proto-ios.debug.xcconfig */,
				1E3751C8DCF1E3BE7C0CD0D0 /* Pods-proto-ios.release.xcconfig */,
			);
			path = Pods;
			sourceTree = "<group>";
		};
/* End PBXGroup section */

/* Begin PBXNativeTarget section */
		4BA368DE287044B100D2256D /* proto-ios */ = {
			isa = PBXNativeTarget;
			buildConfigurationList = 4BA368F3287044B400D2256D /* Build configuration list for PBXNativeTarget "proto-ios" */;
			buildPhases = (
				AB24BB80611BFC4B034C11D7 /* [CP] Check Pods Manifest.lock */,
				4B8BECA42870A6C40081CAFF /* SwiftGen */,
				4BA368DB287044B100D2256D /* Sources */,
				4BA368DC287044B100D2256D /* Frameworks */,
				4BA368DD287044B100D2256D /* Resources */,
				E55FF79BA97D65093CDEA950 /* [CP] Embed Pods Frameworks */,
			);
			buildRules = (
			);
			dependencies = (
			);
			name = "proto-ios";
			productName = "proto-ios";
			productReference = 4BA368DF287044B100D2256D /* proto-ios.app */;
			productType = "com.apple.product-type.application";
		};
/* End PBXNativeTarget section */

/* Begin PBXProject section */
		4BA368D7287044B100D2256D /* Project object */ = {
			isa = PBXProject;
			attributes = {
				BuildIndependentTargetsInParallel = 1;
				LastSwiftUpdateCheck = 1340;
				LastUpgradeCheck = 1340;
				TargetAttributes = {
					4BA368DE287044B100D2256D = {
						CreatedOnToolsVersion = 13.4.1;
					};
				};
			};
			buildConfigurationList = 4BA368DA287044B100D2256D /* Build configuration list for PBXProject "proto-ios" */;
			compatibilityVersion = "Xcode 13.0";
			developmentRegion = en;
			hasScannedForEncodings = 0;
			knownRegions = (
				en,
				ru,
			);
			mainGroup = 4BA368D6287044B100D2256D;
			productRefGroup = 4BA368E0287044B100D2256D /* Products */;
			projectDirPath = "";
			projectRoot = "";
			targets = (
				4BA368DE287044B100D2256D /* proto-ios */,
			);
		};
/* End PBXProject section */

/* Begin PBXResourcesBuildPhase section */
		4BA368DD287044B100D2256D /* Resources */ = {
			isa = PBXResourcesBuildPhase;
			buildActionMask = 2147483647;
			files = (
				4B8BEC93287064D60081CAFF /* UIColor.stencil in Resources */,
				4B8BECA32870A5F90081CAFF /* Images.xcassets in Resources */,
				4BA368EF287044B400D2256D /* LaunchScreen.storyboard in Resources */,
				4B8BEC8D287064AD0081CAFF /* Localizable.strings in Resources */,
				4B8BEC94287064D60081CAFF /* UIImage.stencil in Resources */,
				4BA368EC287044B400D2256D /* Assets.xcassets in Resources */,
				4B8BEC972870652B0081CAFF /* swiftgen.yml in Resources */,
				4B8BECA12870A5DF0081CAFF /* Colors.xcassets in Resources */,
			);
			runOnlyForDeploymentPostprocessing = 0;
		};
/* End PBXResourcesBuildPhase section */

/* Begin PBXShellScriptBuildPhase section */
		4B8BECA42870A6C40081CAFF /* SwiftGen */ = {
			isa = PBXShellScriptBuildPhase;
			buildActionMask = 2147483647;
			files = (
			);
			inputFileListPaths = (
			);
			inputPaths = (
			);
			name = SwiftGen;
			outputFileListPaths = (
			);
			outputPaths = (
			);
			runOnlyForDeploymentPostprocessing = 0;
			shellPath = /bin/sh;
			shellScript = "if [[ -f \"${PODS_ROOT}/SwiftGen/bin/swiftgen\" ]]; then\n  \"${PODS_ROOT}/SwiftGen/bin/swiftgen\"\nelse\n  echo \"warning: SwiftGen is not installed. Run 'pod install --repo-update' to install it.\"\nfi\n";
		};
		AB24BB80611BFC4B034C11D7 /* [CP] Check Pods Manifest.lock */ = {
			isa = PBXShellScriptBuildPhase;
			buildActionMask = 2147483647;
			files = (
			);
			inputFileListPaths = (
			);
			inputPaths = (
				"${PODS_PODFILE_DIR_PATH}/Podfile.lock",
				"${PODS_ROOT}/Manifest.lock",
			);
			name = "[CP] Check Pods Manifest.lock";
			outputFileListPaths = (
			);
			outputPaths = (
				"$(DERIVED_FILE_DIR)/Pods-proto-ios-checkManifestLockResult.txt",
			);
			runOnlyForDeploymentPostprocessing = 0;
			shellPath = /bin/sh;
			shellScript = "diff \"${PODS_PODFILE_DIR_PATH}/Podfile.lock\" \"${PODS_ROOT}/Manifest.lock\" > /dev/null\nif [ $? != 0 ] ; then\n    # print error to STDERR\n    echo \"error: The sandbox is not in sync with the Podfile.lock. Run 'pod install' or update your CocoaPods installation.\" >&2\n    exit 1\nfi\n# This output is used by Xcode 'outputs' to avoid re-running this script phase.\necho \"SUCCESS\" > \"${SCRIPT_OUTPUT_FILE_0}\"\n";
			showEnvVarsInLog = 0;
		};
		E55FF79BA97D65093CDEA950 /* [CP] Embed Pods Frameworks */ = {
			isa = PBXShellScriptBuildPhase;
			buildActionMask = 2147483647;
			files = (
			);
			inputFileListPaths = (
				"${PODS_ROOT}/Target Support Files/Pods-proto-ios/Pods-proto-ios-frameworks-${CONFIGURATION}-input-files.xcfilelist",
			);
			name = "[CP] Embed Pods Frameworks";
			outputFileListPaths = (
				"${PODS_ROOT}/Target Support Files/Pods-proto-ios/Pods-proto-ios-frameworks-${CONFIGURATION}-output-files.xcfilelist",
			);
			runOnlyForDeploymentPostprocessing = 0;
			shellPath = /bin/sh;
			shellScript = "\"${PODS_ROOT}/Target Support Files/Pods-proto-ios/Pods-proto-ios-frameworks.sh\"\n";
			showEnvVarsInLog = 0;
		};
/* End PBXShellScriptBuildPhase section */

/* Begin PBXSourcesBuildPhase section */
		4BA368DB287044B100D2256D /* Sources */ = {
			isa = PBXSourcesBuildPhase;
			buildActionMask = 2147483647;
			files = (
				4B8BECD42870DFE10081CAFF /* PushTransition.swift in Sources */,
				4B8BECE92871F39E0081CAFF /* ViewController.swift in Sources */,
				4B8BECC42870BF770081CAFF /* View.swift in Sources */,
				4B8BECDF2870EDB40081CAFF /* StartModule.swift in Sources */,
				4B8BECF62871FC410081CAFF /* TableViewDataProvider+UITableViewDelegate.swift in Sources */,
				4B8BECD82870E17C0081CAFF /* ViewInput.swift in Sources */,
				4B8BEC9A2870A5AC0081CAFF /* Localizable.swift in Sources */,
				4B8BECE12870EDBB0081CAFF /* StartViewController.swift in Sources */,
				4B8BECD62870E1760081CAFF /* Module.swift in Sources */,
				4B8BECE72871E57E0081CAFF /* StartCoordinator.swift in Sources */,
				4B8BECE32870EDC60081CAFF /* StartLogic.swift in Sources */,
				4B8BECF02871F7230081CAFF /* TableViewDataProvider+UITableViewDataSource.swift in Sources */,
				4B8BECF22871F88B0081CAFF /* CellDescriptor.swift in Sources */,
				4B8BECB62870B5410081CAFF /* Cordinator.swift in Sources */,
				4B8BECF82871FD8C0081CAFF /* UITableView+Extensions.swift in Sources */,
				4B8BEC9E2870A5B80081CAFF /* Images.swift in Sources */,
				4B8BECF42871F8930081CAFF /* SectionDescriptor.swift in Sources */,
				4B8BECDA2870E1860081CAFF /* ViewLogic.swift in Sources */,
				4B8BECD02870DDEE0081CAFF /* Transition.swift in Sources */,
				4B8BECE52870EDCF0081CAFF /* StartProtocols.swift in Sources */,
				4B8BEC9C2870A5B10081CAFF /* Colors.swift in Sources */,
				4B8BECD22870DECB0081CAFF /* ScreenTransition.swift in Sources */,
				4B8BECFA287208600081CAFF /* .gitkeep.swift in Sources */,
				4B8BECEE2871F54F0081CAFF /* TableViewDataProvider.swift in Sources */,
				4B8BECDC2870E1BD0081CAFF /* Typealias.swift in Sources */,
				4B8BECEB2871F47A0081CAFF /* UIView+Extensions.swift in Sources */,
				4BA368E3287044B100D2256D /* AppDelegate.swift in Sources */,
			);
			runOnlyForDeploymentPostprocessing = 0;
		};
/* End PBXSourcesBuildPhase section */

/* Begin PBXVariantGroup section */
		4B8BEC8F287064AD0081CAFF /* Localizable.strings */ = {
			isa = PBXVariantGroup;
			children = (
				4B8BEC8E287064AD0081CAFF /* en */,
				4B8BEC90287064AF0081CAFF /* ru */,
			);
			name = Localizable.strings;
			sourceTree = "<group>";
		};
		4BA368ED287044B400D2256D /* LaunchScreen.storyboard */ = {
			isa = PBXVariantGroup;
			children = (
				4B8BEC8B287064960081CAFF /* en */,
				4B8BEC8C287064A10081CAFF /* ru */,
			);
			name = LaunchScreen.storyboard;
			sourceTree = "<group>";
		};
/* End PBXVariantGroup section */

/* Begin XCBuildConfiguration section */
		4BA368F1287044B400D2256D /* Debug */ = {
			isa = XCBuildConfiguration;
			buildSettings = {
				ALWAYS_SEARCH_USER_PATHS = NO;
				CLANG_ANALYZER_LOCALIZABILITY_NONLOCALIZED = YES;
				CLANG_ANALYZER_NONNULL = YES;
				CLANG_ANALYZER_NUMBER_OBJECT_CONVERSION = YES_AGGRESSIVE;
				CLANG_CXX_LANGUAGE_STANDARD = "gnu++17";
				CLANG_ENABLE_MODULES = YES;
				CLANG_ENABLE_OBJC_ARC = YES;
				CLANG_ENABLE_OBJC_WEAK = YES;
				CLANG_WARN_BLOCK_CAPTURE_AUTORELEASING = YES;
				CLANG_WARN_BOOL_CONVERSION = YES;
				CLANG_WARN_COMMA = YES;
				CLANG_WARN_CONSTANT_CONVERSION = YES;
				CLANG_WARN_DEPRECATED_OBJC_IMPLEMENTATIONS = YES;
				CLANG_WARN_DIRECT_OBJC_ISA_USAGE = YES_ERROR;
				CLANG_WARN_DOCUMENTATION_COMMENTS = YES;
				CLANG_WARN_EMPTY_BODY = YES;
				CLANG_WARN_ENUM_CONVERSION = YES;
				CLANG_WARN_INFINITE_RECURSION = YES;
				CLANG_WARN_INT_CONVERSION = YES;
				CLANG_WARN_NON_LITERAL_NULL_CONVERSION = YES;
				CLANG_WARN_OBJC_IMPLICIT_RETAIN_SELF = YES;
				CLANG_WARN_OBJC_LITERAL_CONVERSION = YES;
				CLANG_WARN_OBJC_ROOT_CLASS = YES_ERROR;
				CLANG_WARN_QUOTED_INCLUDE_IN_FRAMEWORK_HEADER = YES;
				CLANG_WARN_RANGE_LOOP_ANALYSIS = YES;
				CLANG_WARN_STRICT_PROTOTYPES = YES;
				CLANG_WARN_SUSPICIOUS_MOVE = YES;
				CLANG_WARN_UNGUARDED_AVAILABILITY = YES_AGGRESSIVE;
				CLANG_WARN_UNREACHABLE_CODE = YES;
				CLANG_WARN__DUPLICATE_METHOD_MATCH = YES;
				COPY_PHASE_STRIP = NO;
				DEBUG_INFORMATION_FORMAT = dwarf;
				ENABLE_STRICT_OBJC_MSGSEND = YES;
				ENABLE_TESTABILITY = YES;
				GCC_C_LANGUAGE_STANDARD = gnu11;
				GCC_DYNAMIC_NO_PIC = NO;
				GCC_NO_COMMON_BLOCKS = YES;
				GCC_OPTIMIZATION_LEVEL = 0;
				GCC_PREPROCESSOR_DEFINITIONS = (
					"DEBUG=1",
					"$(inherited)",
				);
				GCC_WARN_64_TO_32_BIT_CONVERSION = YES;
				GCC_WARN_ABOUT_RETURN_TYPE = YES_ERROR;
				GCC_WARN_UNDECLARED_SELECTOR = YES;
				GCC_WARN_UNINITIALIZED_AUTOS = YES_AGGRESSIVE;
				GCC_WARN_UNUSED_FUNCTION = YES;
				GCC_WARN_UNUSED_VARIABLE = YES;
				IPHONEOS_DEPLOYMENT_TARGET = 15.5;
				MTL_ENABLE_DEBUG_INFO = INCLUDE_SOURCE;
				MTL_FAST_MATH = YES;
				ONLY_ACTIVE_ARCH = YES;
				SDKROOT = iphoneos;
				SWIFT_ACTIVE_COMPILATION_CONDITIONS = DEBUG;
				SWIFT_OPTIMIZATION_LEVEL = "-Onone";
			};
			name = Debug;
		};
		4BA368F2287044B400D2256D /* Release */ = {
			isa = XCBuildConfiguration;
			buildSettings = {
				ALWAYS_SEARCH_USER_PATHS = NO;
				CLANG_ANALYZER_LOCALIZABILITY_NONLOCALIZED = YES;
				CLANG_ANALYZER_NONNULL = YES;
				CLANG_ANALYZER_NUMBER_OBJECT_CONVERSION = YES_AGGRESSIVE;
				CLANG_CXX_LANGUAGE_STANDARD = "gnu++17";
				CLANG_ENABLE_MODULES = YES;
				CLANG_ENABLE_OBJC_ARC = YES;
				CLANG_ENABLE_OBJC_WEAK = YES;
				CLANG_WARN_BLOCK_CAPTURE_AUTORELEASING = YES;
				CLANG_WARN_BOOL_CONVERSION = YES;
				CLANG_WARN_COMMA = YES;
				CLANG_WARN_CONSTANT_CONVERSION = YES;
				CLANG_WARN_DEPRECATED_OBJC_IMPLEMENTATIONS = YES;
				CLANG_WARN_DIRECT_OBJC_ISA_USAGE = YES_ERROR;
				CLANG_WARN_DOCUMENTATION_COMMENTS = YES;
				CLANG_WARN_EMPTY_BODY = YES;
				CLANG_WARN_ENUM_CONVERSION = YES;
				CLANG_WARN_INFINITE_RECURSION = YES;
				CLANG_WARN_INT_CONVERSION = YES;
				CLANG_WARN_NON_LITERAL_NULL_CONVERSION = YES;
				CLANG_WARN_OBJC_IMPLICIT_RETAIN_SELF = YES;
				CLANG_WARN_OBJC_LITERAL_CONVERSION = YES;
				CLANG_WARN_OBJC_ROOT_CLASS = YES_ERROR;
				CLANG_WARN_QUOTED_INCLUDE_IN_FRAMEWORK_HEADER = YES;
				CLANG_WARN_RANGE_LOOP_ANALYSIS = YES;
				CLANG_WARN_STRICT_PROTOTYPES = YES;
				CLANG_WARN_SUSPICIOUS_MOVE = YES;
				CLANG_WARN_UNGUARDED_AVAILABILITY = YES_AGGRESSIVE;
				CLANG_WARN_UNREACHABLE_CODE = YES;
				CLANG_WARN__DUPLICATE_METHOD_MATCH = YES;
				COPY_PHASE_STRIP = NO;
				DEBUG_INFORMATION_FORMAT = "dwarf-with-dsym";
				ENABLE_NS_ASSERTIONS = NO;
				ENABLE_STRICT_OBJC_MSGSEND = YES;
				GCC_C_LANGUAGE_STANDARD = gnu11;
				GCC_NO_COMMON_BLOCKS = YES;
				GCC_WARN_64_TO_32_BIT_CONVERSION = YES;
				GCC_WARN_ABOUT_RETURN_TYPE = YES_ERROR;
				GCC_WARN_UNDECLARED_SELECTOR = YES;
				GCC_WARN_UNINITIALIZED_AUTOS = YES_AGGRESSIVE;
				GCC_WARN_UNUSED_FUNCTION = YES;
				GCC_WARN_UNUSED_VARIABLE = YES;
				IPHONEOS_DEPLOYMENT_TARGET = 15.5;
				MTL_ENABLE_DEBUG_INFO = NO;
				MTL_FAST_MATH = YES;
				SDKROOT = iphoneos;
				SWIFT_COMPILATION_MODE = wholemodule;
				SWIFT_OPTIMIZATION_LEVEL = "-O";
				VALIDATE_PRODUCT = YES;
			};
			name = Release;
		};
		4BA368F4287044B400D2256D /* Debug */ = {
			isa = XCBuildConfiguration;
			baseConfigurationReference = 6D83E40919574B7FCC48710E /* Pods-proto-ios.debug.xcconfig */;
			buildSettings = {
				ASSETCATALOG_COMPILER_APPICON_NAME = AppIcon;
				ASSETCATALOG_COMPILER_GLOBAL_ACCENT_COLOR_NAME = AccentColor;
				CODE_SIGN_STYLE = Automatic;
				CURRENT_PROJECT_VERSION = 1;
				GENERATE_INFOPLIST_FILE = YES;
				INFOPLIST_FILE = "proto-ios/Resources/Info.plist";
				INFOPLIST_KEY_UIApplicationSupportsIndirectInputEvents = YES;
				INFOPLIST_KEY_UILaunchStoryboardName = LaunchScreen;
				INFOPLIST_KEY_UISupportedInterfaceOrientations = UIInterfaceOrientationPortrait;
				INFOPLIST_KEY_UISupportedInterfaceOrientations_iPad = "UIInterfaceOrientationPortrait UIInterfaceOrientationPortraitUpsideDown UIInterfaceOrientationLandscapeLeft UIInterfaceOrientationLandscapeRight";
				INFOPLIST_KEY_UISupportedInterfaceOrientations_iPhone = "UIInterfaceOrientationPortrait UIInterfaceOrientationLandscapeLeft UIInterfaceOrientationLandscapeRight";
				IPHONEOS_DEPLOYMENT_TARGET = 13.0;
				LD_RUNPATH_SEARCH_PATHS = (
					"$(inherited)",
					"@executable_path/Frameworks",
				);
				MARKETING_VERSION = 1.0;
				PRODUCT_BUNDLE_IDENTIFIER = "com.ggteam.proto-ios";
				PRODUCT_NAME = "$(TARGET_NAME)";
				SWIFT_EMIT_LOC_STRINGS = YES;
				SWIFT_VERSION = 5.0;
				TARGETED_DEVICE_FAMILY = 1;
			};
			name = Debug;
		};
		4BA368F5287044B400D2256D /* Release */ = {
			isa = XCBuildConfiguration;
			baseConfigurationReference = 1E3751C8DCF1E3BE7C0CD0D0 /* Pods-proto-ios.release.xcconfig */;
			buildSettings = {
				ASSETCATALOG_COMPILER_APPICON_NAME = AppIcon;
				ASSETCATALOG_COMPILER_GLOBAL_ACCENT_COLOR_NAME = AccentColor;
				CODE_SIGN_STYLE = Automatic;
				CURRENT_PROJECT_VERSION = 1;
				GENERATE_INFOPLIST_FILE = YES;
				INFOPLIST_FILE = "proto-ios/Resources/Info.plist";
				INFOPLIST_KEY_UIApplicationSupportsIndirectInputEvents = YES;
				INFOPLIST_KEY_UILaunchStoryboardName = LaunchScreen;
				INFOPLIST_KEY_UISupportedInterfaceOrientations = UIInterfaceOrientationPortrait;
				INFOPLIST_KEY_UISupportedInterfaceOrientations_iPad = "UIInterfaceOrientationPortrait UIInterfaceOrientationPortraitUpsideDown UIInterfaceOrientationLandscapeLeft UIInterfaceOrientationLandscapeRight";
				INFOPLIST_KEY_UISupportedInterfaceOrientations_iPhone = "UIInterfaceOrientationPortrait UIInterfaceOrientationLandscapeLeft UIInterfaceOrientationLandscapeRight";
				IPHONEOS_DEPLOYMENT_TARGET = 13.0;
				LD_RUNPATH_SEARCH_PATHS = (
					"$(inherited)",
					"@executable_path/Frameworks",
				);
				MARKETING_VERSION = 1.0;
				PRODUCT_BUNDLE_IDENTIFIER = "com.ggteam.proto-ios";
				PRODUCT_NAME = "$(TARGET_NAME)";
				SWIFT_EMIT_LOC_STRINGS = YES;
				SWIFT_VERSION = 5.0;
				TARGETED_DEVICE_FAMILY = 1;
			};
			name = Release;
		};
/* End XCBuildConfiguration section */

/* Begin XCConfigurationList section */
		4BA368DA287044B100D2256D /* Build configuration list for PBXProject "proto-ios" */ = {
			isa = XCConfigurationList;
			buildConfigurations = (
				4BA368F1287044B400D2256D /* Debug */,
				4BA368F2287044B400D2256D /* Release */,
			);
			defaultConfigurationIsVisible = 0;
			defaultConfigurationName = Release;
		};
		4BA368F3287044B400D2256D /* Build configuration list for PBXNativeTarget "proto-ios" */ = {
			isa = XCConfigurationList;
			buildConfigurations = (
				4BA368F4287044B400D2256D /* Debug */,
				4BA368F5287044B400D2256D /* Release */,
			);
			defaultConfigurationIsVisible = 0;
			defaultConfigurationName = Release;
		};
/* End XCConfigurationList section */
	};
	rootObject = 4BA368D7287044B100D2256D /* Project object */;
}
